// !$*UTF8*$!
{
	archiveVersion = 1;
	classes = {
	};
	objectVersion = 55;
	objects = {

/* Begin PBXBuildFile section */
		B21AEA7628A26D4B008ED0BA /* AppDelegate.swift in Sources */ = {isa = PBXBuildFile; fileRef = B21AEA7528A26D4B008ED0BA /* AppDelegate.swift */; };
		B21AEA7828A26D4B008ED0BA /* SceneDelegate.swift in Sources */ = {isa = PBXBuildFile; fileRef = B21AEA7728A26D4B008ED0BA /* SceneDelegate.swift */; };
		B21AEA7A28A26D4B008ED0BA /* ViewController.swift in Sources */ = {isa = PBXBuildFile; fileRef = B21AEA7928A26D4B008ED0BA /* ViewController.swift */; };
		B21AEA7D28A26D4B008ED0BA /* Main.storyboard in Resources */ = {isa = PBXBuildFile; fileRef = B21AEA7B28A26D4B008ED0BA /* Main.storyboard */; };
		B21AEA7F28A26D4D008ED0BA /* Assets.xcassets in Resources */ = {isa = PBXBuildFile; fileRef = B21AEA7E28A26D4D008ED0BA /* Assets.xcassets */; };
		B21AEA8228A26D4D008ED0BA /* LaunchScreen.storyboard in Resources */ = {isa = PBXBuildFile; fileRef = B21AEA8028A26D4D008ED0BA /* LaunchScreen.storyboard */; };
		B21AEA8D28A26D4D008ED0BA /* CalculatorTests.swift in Sources */ = {isa = PBXBuildFile; fileRef = B21AEA8C28A26D4D008ED0BA /* CalculatorTests.swift */; };
		B21AEA9728A26D4D008ED0BA /* CalculatorUITests.swift in Sources */ = {isa = PBXBuildFile; fileRef = B21AEA9628A26D4D008ED0BA /* CalculatorUITests.swift */; };
		B21AEA9928A26D4D008ED0BA /* CalculatorUITestsLaunchTests.swift in Sources */ = {isa = PBXBuildFile; fileRef = B21AEA9828A26D4D008ED0BA /* CalculatorUITestsLaunchTests.swift */; };
		B21AEAA628A27811008ED0BA /* RoundButton.swift in Sources */ = {isa = PBXBuildFile; fileRef = B21AEAA528A27811008ED0BA /* RoundButton.swift */; };
/* End PBXBuildFile section */

/* Begin PBXContainerItemProxy section */
		B21AEA8928A26D4D008ED0BA /* PBXContainerItemProxy */ = {
			isa = PBXContainerItemProxy;
			containerPortal = B21AEA6A28A26D4A008ED0BA /* Project object */;
			proxyType = 1;
			remoteGlobalIDString = B21AEA7128A26D4A008ED0BA;
			remoteInfo = Calculator;
		};
		B21AEA9328A26D4D008ED0BA /* PBXContainerItemProxy */ = {
			isa = PBXContainerItemProxy;
			containerPortal = B21AEA6A28A26D4A008ED0BA /* Project object */;
			proxyType = 1;
			remoteGlobalIDString = B21AEA7128A26D4A008ED0BA;
			remoteInfo = Calculator;
		};
/* End PBXContainerItemProxy section */

/* Begin PBXFileReference section */
		B21AEA7228A26D4A008ED0BA /* Calculator.app */ = {isa = PBXFileReference; explicitFileType = wrapper.application; includeInIndex = 0; path = Calculator.app; sourceTree = BUILT_PRODUCTS_DIR; };
		B21AEA7528A26D4B008ED0BA /* AppDelegate.swift */ = {isa = PBXFileReference; lastKnownFileType = sourcecode.swift; path = AppDelegate.swift; sourceTree = "<group>"; };
		B21AEA7728A26D4B008ED0BA /* SceneDelegate.swift */ = {isa = PBXFileReference; lastKnownFileType = sourcecode.swift; path = SceneDelegate.swift; sourceTree = "<group>"; };
		B21AEA7928A26D4B008ED0BA /* ViewController.swift */ = {isa = PBXFileReference; lastKnownFileType = sourcecode.swift; path = ViewController.swift; sourceTree = "<group>"; };
		B21AEA7C28A26D4B008ED0BA /* Base */ = {isa = PBXFileReference; lastKnownFileType = file.storyboard; name = Base; path = Base.lproj/Main.storyboard; sourceTree = "<group>"; };
		B21AEA7E28A26D4D008ED0BA /* Assets.xcassets */ = {isa = PBXFileReference; lastKnownFileType = folder.assetcatalog; path = Assets.xcassets; sourceTree = "<group>"; };
		B21AEA8128A26D4D008ED0BA /* Base */ = {isa = PBXFileReference; lastKnownFileType = file.storyboard; name = Base; path = Base.lproj/LaunchScreen.storyboard; sourceTree = "<group>"; };
		B21AEA8328A26D4D008ED0BA /* Info.plist */ = {isa = PBXFileReference; lastKnownFileType = text.plist.xml; path = Info.plist; sourceTree = "<group>"; };
		B21AEA8828A26D4D008ED0BA /* CalculatorTests.xctest */ = {isa = PBXFileReference; explicitFileType = wrapper.cfbundle; includeInIndex = 0; path = CalculatorTests.xctest; sourceTree = BUILT_PRODUCTS_DIR; };
		B21AEA8C28A26D4D008ED0BA /* CalculatorTests.swift */ = {isa = PBXFileReference; lastKnownFileType = sourcecode.swift; path = CalculatorTests.swift; sourceTree = "<group>"; };
		B21AEA9228A26D4D008ED0BA /* CalculatorUITests.xctest */ = {isa = PBXFileReference; explicitFileType = wrapper.cfbundle; includeInIndex = 0; path = CalculatorUITests.xctest; sourceTree = BUILT_PRODUCTS_DIR; };
		B21AEA9628A26D4D008ED0BA /* CalculatorUITests.swift */ = {isa = PBXFileReference; lastKnownFileType = sourcecode.swift; path = CalculatorUITests.swift; sourceTree = "<group>"; };
		B21AEA9828A26D4D008ED0BA /* CalculatorUITestsLaunchTests.swift */ = {isa = PBXFileReference; lastKnownFileType = sourcecode.swift; path = CalculatorUITestsLaunchTests.swift; sourceTree = "<group>"; };
		B21AEAA528A27811008ED0BA /* RoundButton.swift */ = {isa = PBXFileReference; lastKnownFileType = sourcecode.swift; path = RoundButton.swift; sourceTree = "<group>"; };
/* End PBXFileReference section */

/* Begin PBXFrameworksBuildPhase section */
		B21AEA6F28A26D4A008ED0BA /* Frameworks */ = {
			isa = PBXFrameworksBuildPhase;
			buildActionMask = 2147483647;
			files = (
			);
			runOnlyForDeploymentPostprocessing = 0;
		};
		B21AEA8528A26D4D008ED0BA /* Frameworks */ = {
			isa = PBXFrameworksBuildPhase;
			buildActionMask = 2147483647;
			files = (
			);
			runOnlyForDeploymentPostprocessing = 0;
		};
		B21AEA8F28A26D4D008ED0BA /* Frameworks */ = {
			isa = PBXFrameworksBuildPhase;
			buildActionMask = 2147483647;
			files = (
			);
			runOnlyForDeploymentPostprocessing = 0;
		};
/* End PBXFrameworksBuildPhase section */

/* Begin PBXGroup section */
		B21AEA6928A26D4A008ED0BA = {
			isa = PBXGroup;
			children = (
				B21AEA7428A26D4A008ED0BA /* Calculator */,
				B21AEA8B28A26D4D008ED0BA /* CalculatorTests */,
				B21AEA9528A26D4D008ED0BA /* CalculatorUITests */,
				B21AEA7328A26D4A008ED0BA /* Products */,
			);
			sourceTree = "<group>";
		};
		B21AEA7328A26D4A008ED0BA /* Products */ = {
			isa = PBXGroup;
			children = (
				B21AEA7228A26D4A008ED0BA /* Calculator.app */,
				B21AEA8828A26D4D008ED0BA /* CalculatorTests.xctest */,
				B21AEA9228A26D4D008ED0BA /* CalculatorUITests.xctest */,
			);
			name = Products;
			sourceTree = "<group>";
		};
		B21AEA7428A26D4A008ED0BA /* Calculator */ = {
			isa = PBXGroup;
			children = (
				B21AEA7528A26D4B008ED0BA /* AppDelegate.swift */,
				B21AEA7728A26D4B008ED0BA /* SceneDelegate.swift */,
				B21AEA7928A26D4B008ED0BA /* ViewController.swift */,
				B21AEA7B28A26D4B008ED0BA /* Main.storyboard */,
				B21AEA7E28A26D4D008ED0BA /* Assets.xcassets */,
				B21AEA8028A26D4D008ED0BA /* LaunchScreen.storyboard */,
				B21AEA8328A26D4D008ED0BA /* Info.plist */,
				B21AEAA528A27811008ED0BA /* RoundButton.swift */,
			);
			path = Calculator;
			sourceTree = "<group>";
		};
		B21AEA8B28A26D4D008ED0BA /* CalculatorTests */ = {
			isa = PBXGroup;
			children = (
				B21AEA8C28A26D4D008ED0BA /* CalculatorTests.swift */,
			);
			path = CalculatorTests;
			sourceTree = "<group>";
		};
		B21AEA9528A26D4D008ED0BA /* CalculatorUITests */ = {
			isa = PBXGroup;
			children = (
				B21AEA9628A26D4D008ED0BA /* CalculatorUITests.swift */,
				B21AEA9828A26D4D008ED0BA /* CalculatorUITestsLaunchTests.swift */,
			);
			path = CalculatorUITests;
			sourceTree = "<group>";
		};
/* End PBXGroup section */

/* Begin PBXNativeTarget section */
		B21AEA7128A26D4A008ED0BA /* Calculator */ = {
			isa = PBXNativeTarget;
			buildConfigurationList = B21AEA9C28A26D4D008ED0BA /* Build configuration list for PBXNativeTarget "Calculator" */;
			buildPhases = (
				B21AEA6E28A26D4A008ED0BA /* Sources */,
				B21AEA6F28A26D4A008ED0BA /* Frameworks */,
				B21AEA7028A26D4A008ED0BA /* Resources */,
			);
			buildRules = (
			);
			dependencies = (
			);
			name = Calculator;
			productName = Calculator;
			productReference = B21AEA7228A26D4A008ED0BA /* Calculator.app */;
			productType = "com.apple.product-type.application";
		};
		B21AEA8728A26D4D008ED0BA /* CalculatorTests */ = {
			isa = PBXNativeTarget;
			buildConfigurationList = B21AEA9F28A26D4D008ED0BA /* Build configuration list for PBXNativeTarget "CalculatorTests" */;
			buildPhases = (
				B21AEA8428A26D4D008ED0BA /* Sources */,
				B21AEA8528A26D4D008ED0BA /* Frameworks */,
				B21AEA8628A26D4D008ED0BA /* Resources */,
			);
			buildRules = (
			);
			dependencies = (
				B21AEA8A28A26D4D008ED0BA /* PBXTargetDependency */,
			);
			name = CalculatorTests;
			productName = CalculatorTests;
			productReference = B21AEA8828A26D4D008ED0BA /* CalculatorTests.xctest */;
			productType = "com.apple.product-type.bundle.unit-test";
		};
		B21AEA9128A26D4D008ED0BA /* CalculatorUITests */ = {
			isa = PBXNativeTarget;
			buildConfigurationList = B21AEAA228A26D4D008ED0BA /* Build configuration list for PBXNativeTarget "CalculatorUITests" */;
			buildPhases = (
				B21AEA8E28A26D4D008ED0BA /* Sources */,
				B21AEA8F28A26D4D008ED0BA /* Frameworks */,
				B21AEA9028A26D4D008ED0BA /* Resources */,
			);
			buildRules = (
			);
			dependencies = (
				B21AEA9428A26D4D008ED0BA /* PBXTargetDependency */,
			);
			name = CalculatorUITests;
			productName = CalculatorUITests;
			productReference = B21AEA9228A26D4D008ED0BA /* CalculatorUITests.xctest */;
			productType = "com.apple.product-type.bundle.ui-testing";
		};
/* End PBXNativeTarget section */

/* Begin PBXProject section */
		B21AEA6A28A26D4A008ED0BA /* Project object */ = {
			isa = PBXProject;
			attributes = {
				BuildIndependentTargetsInParallel = 1;
				LastSwiftUpdateCheck = 1340;
				LastUpgradeCheck = 1340;
				TargetAttributes = {
					B21AEA7128A26D4A008ED0BA = {
						CreatedOnToolsVersion = 13.4.1;
					};
					B21AEA8728A26D4D008ED0BA = {
						CreatedOnToolsVersion = 13.4.1;
						TestTargetID = B21AEA7128A26D4A008ED0BA;
					};
					B21AEA9128A26D4D008ED0BA = {
						CreatedOnToolsVersion = 13.4.1;
						TestTargetID = B21AEA7128A26D4A008ED0BA;
					};
				};
			};
			buildConfigurationList = B21AEA6D28A26D4A008ED0BA /* Build configuration list for PBXProject "Calculator" */;
			compatibilityVersion = "Xcode 13.0";
			developmentRegion = en;
			hasScannedForEncodings = 0;
			knownRegions = (
				en,
				Base,
			);
			mainGroup = B21AEA6928A26D4A008ED0BA;
			productRefGroup = B21AEA7328A26D4A008ED0BA /* Products */;
			projectDirPath = "";
			projectRoot = "";
			targets = (
				B21AEA7128A26D4A008ED0BA /* Calculator */,
				B21AEA8728A26D4D008ED0BA /* CalculatorTests */,
				B21AEA9128A26D4D008ED0BA /* CalculatorUITests */,
			);
		};
/* End PBXProject section */

/* Begin PBXResourcesBuildPhase section */
		B21AEA7028A26D4A008ED0BA /* Resources */ = {
			isa = PBXResourcesBuildPhase;
			buildActionMask = 2147483647;
			files = (
				B21AEA8228A26D4D008ED0BA /* LaunchScreen.storyboard in Resources */,
				B21AEA7F28A26D4D008ED0BA /* Assets.xcassets in Resources */,
				B21AEA7D28A26D4B008ED0BA /* Main.storyboard in Resources */,
			);
			runOnlyForDeploymentPostprocessing = 0;
		};
		B21AEA8628A26D4D008ED0BA /* Resources */ = {
			isa = PBXResourcesBuildPhase;
			buildActionMask = 2147483647;
			files = (
			);
			runOnlyForDeploymentPostprocessing = 0;
		};
		B21AEA9028A26D4D008ED0BA /* Resources */ = {
			isa = PBXResourcesBuildPhase;
			buildActionMask = 2147483647;
			files = (
			);
			runOnlyForDeploymentPostprocessing = 0;
		};
/* End PBXResourcesBuildPhase section */

/* Begin PBXSourcesBuildPhase section */
		B21AEA6E28A26D4A008ED0BA /* Sources */ = {
			isa = PBXSourcesBuildPhase;
			buildActionMask = 2147483647;
			files = (
				B21AEAA628A27811008ED0BA /* RoundButton.swift in Sources */,
				B21AEA7A28A26D4B008ED0BA /* ViewController.swift in Sources */,
				B21AEA7628A26D4B008ED0BA /* AppDelegate.swift in Sources */,
				B21AEA7828A26D4B008ED0BA /* SceneDelegate.swift in Sources */,
			);
			runOnlyForDeploymentPostprocessing = 0;
		};
		B21AEA8428A26D4D008ED0BA /* Sources */ = {
			isa = PBXSourcesBuildPhase;
			buildActionMask = 2147483647;
			files = (
				B21AEA8D28A26D4D008ED0BA /* CalculatorTests.swift in Sources */,
			);
			runOnlyForDeploymentPostprocessing = 0;
		};
		B21AEA8E28A26D4D008ED0BA /* Sources */ = {
			isa = PBXSourcesBuildPhase;
			buildActionMask = 2147483647;
			files = (
				B21AEA9928A26D4D008ED0BA /* CalculatorUITestsLaunchTests.swift in Sources */,
				B21AEA9728A26D4D008ED0BA /* CalculatorUITests.swift in Sources */,
			);
			runOnlyForDeploymentPostprocessing = 0;
		};
/* End PBXSourcesBuildPhase section */

/* Begin PBXTargetDependency section */
		B21AEA8A28A26D4D008ED0BA /* PBXTargetDependency */ = {
			isa = PBXTargetDependency;
			target = B21AEA7128A26D4A008ED0BA /* Calculator */;
			targetProxy = B21AEA8928A26D4D008ED0BA /* PBXContainerItemProxy */;
		};
		B21AEA9428A26D4D008ED0BA /* PBXTargetDependency */ = {
			isa = PBXTargetDependency;
			target = B21AEA7128A26D4A008ED0BA /* Calculator */;
			targetProxy = B21AEA9328A26D4D008ED0BA /* PBXContainerItemProxy */;
		};
/* End PBXTargetDependency section */

/* Begin PBXVariantGroup section */
		B21AEA7B28A26D4B008ED0BA /* Main.storyboard */ = {
			isa = PBXVariantGroup;
			children = (
				B21AEA7C28A26D4B008ED0BA /* Base */,
			);
			name = Main.storyboard;
			sourceTree = "<group>";
		};
		B21AEA8028A26D4D008ED0BA /* LaunchScreen.storyboard */ = {
			isa = PBXVariantGroup;
			children = (
				B21AEA8128A26D4D008ED0BA /* Base */,
			);
			name = LaunchScreen.storyboard;
			sourceTree = "<group>";
		};
/* End PBXVariantGroup section */

/* Begin XCBuildConfiguration section */
		B21AEA9A28A26D4D008ED0BA /* Debug */ = {
			isa = XCBuildConfiguration;
			buildSettings = {
				ALWAYS_SEARCH_USER_PATHS = NO;
				CLANG_ANALYZER_NONNULL = YES;
				CLANG_ANALYZER_NUMBER_OBJECT_CONVERSION = YES_AGGRESSIVE;
				CLANG_CXX_LANGUAGE_STANDARD = "gnu++17";
				CLANG_ENABLE_MODULES = YES;
				CLANG_ENABLE_OBJC_ARC = YES;
				CLANG_ENABLE_OBJC_WEAK = YES;
				CLANG_WARN_BLOCK_CAPTURE_AUTORELEASING = YES;
				CLANG_WARN_BOOL_CONVERSION = YES;
				CLANG_WARN_COMMA = YES;
				CLANG_WARN_CONSTANT_CONVERSION = YES;
				CLANG_WARN_DEPRECATED_OBJC_IMPLEMENTATIONS = YES;
				CLANG_WARN_DIRECT_OBJC_ISA_USAGE = YES_ERROR;
				CLANG_WARN_DOCUMENTATION_COMMENTS = YES;
				CLANG_WARN_EMPTY_BODY = YES;
				CLANG_WARN_ENUM_CONVERSION = YES;
				CLANG_WARN_INFINITE_RECURSION = YES;
				CLANG_WARN_INT_CONVERSION = YES;
				CLANG_WARN_NON_LITERAL_NULL_CONVERSION = YES;
				CLANG_WARN_OBJC_IMPLICIT_RETAIN_SELF = YES;
				CLANG_WARN_OBJC_LITERAL_CONVERSION = YES;
				CLANG_WARN_OBJC_ROOT_CLASS = YES_ERROR;
				CLANG_WARN_QUOTED_INCLUDE_IN_FRAMEWORK_HEADER = YES;
				CLANG_WARN_RANGE_LOOP_ANALYSIS = YES;
				CLANG_WARN_STRICT_PROTOTYPES = YES;
				CLANG_WARN_SUSPICIOUS_MOVE = YES;
				CLANG_WARN_UNGUARDED_AVAILABILITY = YES_AGGRESSIVE;
				CLANG_WARN_UNREACHABLE_CODE = YES;
				CLANG_WARN__DUPLICATE_METHOD_MATCH = YES;
				COPY_PHASE_STRIP = NO;
				DEBUG_INFORMATION_FORMAT = dwarf;
				ENABLE_STRICT_OBJC_MSGSEND = YES;
				ENABLE_TESTABILITY = YES;
				GCC_C_LANGUAGE_STANDARD = gnu11;
				GCC_DYNAMIC_NO_PIC = NO;
				GCC_NO_COMMON_BLOCKS = YES;
				GCC_OPTIMIZATION_LEVEL = 0;
				GCC_PREPROCESSOR_DEFINITIONS = (
					"DEBUG=1",
					"$(inherited)",
				);
				GCC_WARN_64_TO_32_BIT_CONVERSION = YES;
				GCC_WARN_ABOUT_RETURN_TYPE = YES_ERROR;
				GCC_WARN_UNDECLARED_SELECTOR = YES;
				GCC_WARN_UNINITIALIZED_AUTOS = YES_AGGRESSIVE;
				GCC_WARN_UNUSED_FUNCTION = YES;
				GCC_WARN_UNUSED_VARIABLE = YES;
				IPHONEOS_DEPLOYMENT_TARGET = 15.5;
				MTL_ENABLE_DEBUG_INFO = INCLUDE_SOURCE;
				MTL_FAST_MATH = YES;
				ONLY_ACTIVE_ARCH = YES;
				SDKROOT = iphoneos;
				SWIFT_ACTIVE_COMPILATION_CONDITIONS = DEBUG;
				SWIFT_OPTIMIZATION_LEVEL = "-Onone";
			};
			name = Debug;
		};
		B21AEA9B28A26D4D008ED0BA /* Release */ = {
			isa = XCBuildConfiguration;
			buildSettings = {
				ALWAYS_SEARCH_USER_PATHS = NO;
				CLANG_ANALYZER_NONNULL = YES;
				CLANG_ANALYZER_NUMBER_OBJECT_CONVERSION = YES_AGGRESSIVE;
				CLANG_CXX_LANGUAGE_STANDARD = "gnu++17";
				CLANG_ENABLE_MODULES = YES;
				CLANG_ENABLE_OBJC_ARC = YES;
				CLANG_ENABLE_OBJC_WEAK = YES;
				CLANG_WARN_BLOCK_CAPTURE_AUTORELEASING = YES;
				CLANG_WARN_BOOL_CONVERSION = YES;
				CLANG_WARN_COMMA = YES;
				CLANG_WARN_CONSTANT_CONVERSION = YES;
				CLANG_WARN_DEPRECATED_OBJC_IMPLEMENTATIONS = YES;
				CLANG_WARN_DIRECT_OBJC_ISA_USAGE = YES_ERROR;
				CLANG_WARN_DOCUMENTATION_COMMENTS = YES;
				CLANG_WARN_EMPTY_BODY = YES;
				CLANG_WARN_ENUM_CONVERSION = YES;
				CLANG_WARN_INFINITE_RECURSION = YES;
				CLANG_WARN_INT_CONVERSION = YES;
				CLANG_WARN_NON_LITERAL_NULL_CONVERSION = YES;
				CLANG_WARN_OBJC_IMPLICIT_RETAIN_SELF = YES;
				CLANG_WARN_OBJC_LITERAL_CONVERSION = YES;
				CLANG_WARN_OBJC_ROOT_CLASS = YES_ERROR;
				CLANG_WARN_QUOTED_INCLUDE_IN_FRAMEWORK_HEADER = YES;
				CLANG_WARN_RANGE_LOOP_ANALYSIS = YES;
				CLANG_WARN_STRICT_PROTOTYPES = YES;
				CLANG_WARN_SUSPICIOUS_MOVE = YES;
				CLANG_WARN_UNGUARDED_AVAILABILITY = YES_AGGRESSIVE;
				CLANG_WARN_UNREACHABLE_CODE = YES;
				CLANG_WARN__DUPLICATE_METHOD_MATCH = YES;
				COPY_PHASE_STRIP = NO;
				DEBUG_INFORMATION_FORMAT = "dwarf-with-dsym";
				ENABLE_NS_ASSERTIONS = NO;
				ENABLE_STRICT_OBJC_MSGSEND = YES;
				GCC_C_LANGUAGE_STANDARD = gnu11;
				GCC_NO_COMMON_BLOCKS = YES;
				GCC_WARN_64_TO_32_BIT_CONVERSION = YES;
				GCC_WARN_ABOUT_RETURN_TYPE = YES_ERROR;
				GCC_WARN_UNDECLARED_SELECTOR = YES;
				GCC_WARN_UNINITIALIZED_AUTOS = YES_AGGRESSIVE;
				GCC_WARN_UNUSED_FUNCTION = YES;
				GCC_WARN_UNUSED_VARIABLE = YES;
				IPHONEOS_DEPLOYMENT_TARGET = 15.5;
				MTL_ENABLE_DEBUG_INFO = NO;
				MTL_FAST_MATH = YES;
				SDKROOT = iphoneos;
				SWIFT_COMPILATION_MODE = wholemodule;
				SWIFT_OPTIMIZATION_LEVEL = "-O";
				VALIDATE_PRODUCT = YES;
			};
			name = Release;
		};
		B21AEA9D28A26D4D008ED0BA /* Debug */ = {
			isa = XCBuildConfiguration;
			buildSettings = {
				ASSETCATALOG_COMPILER_APPICON_NAME = AppIcon;
				ASSETCATALOG_COMPILER_GLOBAL_ACCENT_COLOR_NAME = AccentColor;
				CODE_SIGN_STYLE = Automatic;
				CURRENT_PROJECT_VERSION = 1;
				DEVELOPMENT_TEAM = FH49FN5F9A;
				GENERATE_INFOPLIST_FILE = YES;
				INFOPLIST_FILE = Calculator/Info.plist;
				INFOPLIST_KEY_UIApplicationSupportsIndirectInputEvents = YES;
				INFOPLIST_KEY_UILaunchStoryboardName = LaunchScreen;
				INFOPLIST_KEY_UIMainStoryboardFile = Main;
				INFOPLIST_KEY_UISupportedInterfaceOrientations_iPad = "UIInterfaceOrientationPortrait UIInterfaceOrientationPortraitUpsideDown UIInterfaceOrientationLandscapeLeft UIInterfaceOrientationLandscapeRight";
				INFOPLIST_KEY_UISupportedInterfaceOrientations_iPhone = "UIInterfaceOrientationPortrait UIInterfaceOrientationLandscapeLeft UIInterfaceOrientationLandscapeRight";
				LD_RUNPATH_SEARCH_PATHS = (
					"$(inherited)",
					"@executable_path/Frameworks",
				);
				MARKETING_VERSION = 1.0;
				PRODUCT_BUNDLE_IDENTIFIER = WonGi.Calculator;
				PRODUCT_NAME = "$(TARGET_NAME)";
				SWIFT_EMIT_LOC_STRINGS = YES;
				SWIFT_VERSION = 5.0;
				TARGETED_DEVICE_FAMILY = "1,2";
			};
			name = Debug;
		};
		B21AEA9E28A26D4D008ED0BA /* Release */ = {
			isa = XCBuildConfiguration;
			buildSettings = {
				ASSETCATALOG_COMPILER_APPICON_NAME = AppIcon;
				ASSETCATALOG_COMPILER_GLOBAL_ACCENT_COLOR_NAME = AccentColor;
				CODE_SIGN_STYLE = Automatic;
				CURRENT_PROJECT_VERSION = 1;
				DEVELOPMENT_TEAM = FH49FN5F9A;
				GENERATE_INFOPLIST_FILE = YES;
				INFOPLIST_FILE = Calculator/Info.plist;
				INFOPLIST_KEY_UIApplicationSupportsIndirectInputEvents = YES;
				INFOPLIST_KEY_UILaunchStoryboardName = LaunchScreen;
				INFOPLIST_KEY_UIMainStoryboardFile = Main;
				INFOPLIST_KEY_UISupportedInterfaceOrientations_iPad = "UIInterfaceOrientationPortrait UIInterfaceOrientationPortraitUpsideDown UIInterfaceOrientationLandscapeLeft UIInterfaceOrientationLandscapeRight";
				INFOPLIST_KEY_UISupportedInterfaceOrientations_iPhone = "UIInterfaceOrientationPortrait UIInterfaceOrientationLandscapeLeft UIInterfaceOrientationLandscapeRight";
				LD_RUNPATH_SEARCH_PATHS = (
					"$(inherited)",
					"@executable_path/Frameworks",
				);
				MARKETING_VERSION = 1.0;
				PRODUCT_BUNDLE_IDENTIFIER = WonGi.Calculator;
				PRODUCT_NAME = "$(TARGET_NAME)";
				SWIFT_EMIT_LOC_STRINGS = YES;
				SWIFT_VERSION = 5.0;
				TARGETED_DEVICE_FAMILY = "1,2";
			};
			name = Release;
		};
		B21AEAA028A26D4D008ED0BA /* Debug */ = {
			isa = XCBuildConfiguration;
			buildSettings = {
				ALWAYS_EMBED_SWIFT_STANDARD_LIBRARIES = YES;
				BUNDLE_LOADER = "$(TEST_HOST)";
				CODE_SIGN_STYLE = Automatic;
				CURRENT_PROJECT_VERSION = 1;
				GENERATE_INFOPLIST_FILE = YES;
				IPHONEOS_DEPLOYMENT_TARGET = 15.5;
				MARKETING_VERSION = 1.0;
				PRODUCT_BUNDLE_IDENTIFIER = WonGi.CalculatorTests;
				PRODUCT_NAME = "$(TARGET_NAME)";
				SWIFT_EMIT_LOC_STRINGS = NO;
				SWIFT_VERSION = 5.0;
				TARGETED_DEVICE_FAMILY = "1,2";
				TEST_HOST = "$(BUILT_PRODUCTS_DIR)/Calculator.app/Calculator";
			};
			name = Debug;
		};
		B21AEAA128A26D4D008ED0BA /* Release */ = {
			isa = XCBuildConfiguration;
			buildSettings = {
				ALWAYS_EMBED_SWIFT_STANDARD_LIBRARIES = YES;
				BUNDLE_LOADER = "$(TEST_HOST)";
				CODE_SIGN_STYLE = Automatic;
				CURRENT_PROJECT_VERSION = 1;
				GENERATE_INFOPLIST_FILE = YES;
				IPHONEOS_DEPLOYMENT_TARGET = 15.5;
				MARKETING_VERSION = 1.0;
				PRODUCT_BUNDLE_IDENTIFIER = WonGi.CalculatorTests;
				PRODUCT_NAME = "$(TARGET_NAME)";
				SWIFT_EMIT_LOC_STRINGS = NO;
				SWIFT_VERSION = 5.0;
				TARGETED_DEVICE_FAMILY = "1,2";
				TEST_HOST = "$(BUILT_PRODUCTS_DIR)/Calculator.app/Calculator";
			};
			name = Release;
		};
		B21AEAA328A26D4D008ED0BA /* Debug */ = {
			isa = XCBuildConfiguration;
			buildSettings = {
				ALWAYS_EMBED_SWIFT_STANDARD_LIBRARIES = YES;
				CODE_SIGN_STYLE = Automatic;
				CURRENT_PROJECT_VERSION = 1;
				GENERATE_INFOPLIST_FILE = YES;
				MARKETING_VERSION = 1.0;
				PRODUCT_BUNDLE_IDENTIFIER = WonGi.CalculatorUITests;
				PRODUCT_NAME = "$(TARGET_NAME)";
				SWIFT_EMIT_LOC_STRINGS = NO;
				SWIFT_VERSION = 5.0;
				TARGETED_DEVICE_FAMILY = "1,2";
				TEST_TARGET_NAME = Calculator;
			};
			name = Debug;
		};
		B21AEAA428A26D4D008ED0BA /* Release */ = {
			isa = XCBuildConfiguration;
			buildSettings = {
				ALWAYS_EMBED_SWIFT_STANDARD_LIBRARIES = YES;
				CODE_SIGN_STYLE = Automatic;
				CURRENT_PROJECT_VERSION = 1;
				GENERATE_INFOPLIST_FILE = YES;
				MARKETING_VERSION = 1.0;
				PRODUCT_BUNDLE_IDENTIFIER = WonGi.CalculatorUITests;
				PRODUCT_NAME = "$(TARGET_NAME)";
				SWIFT_EMIT_LOC_STRINGS = NO;
				SWIFT_VERSION = 5.0;
				TARGETED_DEVICE_FAMILY = "1,2";
				TEST_TARGET_NAME = Calculator;
			};
			name = Release;
		};
/* End XCBuildConfiguration section */

/* Begin XCConfigurationList section */
		B21AEA6D28A26D4A008ED0BA /* Build configuration list for PBXProject "Calculator" */ = {
			isa = XCConfigurationList;
			buildConfigurations = (
				B21AEA9A28A26D4D008ED0BA /* Debug */,
				B21AEA9B28A26D4D008ED0BA /* Release */,
			);
			defaultConfigurationIsVisible = 0;
			defaultConfigurationName = Release;
		};
		B21AEA9C28A26D4D008ED0BA /* Build configuration list for PBXNativeTarget "Calculator" */ = {
			isa = XCConfigurationList;
			buildConfigurations = (
				B21AEA9D28A26D4D008ED0BA /* Debug */,
				B21AEA9E28A26D4D008ED0BA /* Release */,
			);
			defaultConfigurationIsVisible = 0;
			defaultConfigurationName = Release;
		};
		B21AEA9F28A26D4D008ED0BA /* Build configuration list for PBXNativeTarget "CalculatorTests" */ = {
			isa = XCConfigurationList;
			buildConfigurations = (
				B21AEAA028A26D4D008ED0BA /* Debug */,
				B21AEAA128A26D4D008ED0BA /* Release */,
			);
			defaultConfigurationIsVisible = 0;
			defaultConfigurationName = Release;
		};
		B21AEAA228A26D4D008ED0BA /* Build configuration list for PBXNativeTarget "CalculatorUITests" */ = {
			isa = XCConfigurationList;
			buildConfigurations = (
				B21AEAA328A26D4D008ED0BA /* Debug */,
				B21AEAA428A26D4D008ED0BA /* Release */,
			);
			defaultConfigurationIsVisible = 0;
			defaultConfigurationName = Release;
		};
/* End XCConfigurationList section */
	};
	rootObject = B21AEA6A28A26D4A008ED0BA /* Project object */;
}
